
Microsoft Visual Studio Solution File, Format Version 12.00
# Visual Studio Version 17
VisualStudioVersion = 17.11.35222.181
MinimumVisualStudioVersion = 10.0.40219.1
Project("{9A19103F-16F7-4668-BE54-9A1E7A4F7556}") = "pi4_PixieVault_DemiBruls", "src\pi4_PixieVault_DemiBruls\pi4_PixieVault_DemiBruls.csproj", "{C14A3DE4-68F5-4DC3-97DD-0A7C3A3F0B98}"
EndProject
Project("{FAE04EC0-301F-11D3-BF4B-00C04F79EFBC}") = "pi4_API_DemiBruls", "src\pi4_API_DemiBruls\pi4_API_DemiBruls.csproj", "{CE59947B-83F1-4FD7-9591-AFAD73452E84}"
EndProject
Global
	GlobalSection(SolutionConfigurationPlatforms) = preSolution
		Debug|Any CPU = Debug|Any CPU
		Release|Any CPU = Release|Any CPU
	EndGlobalSection
	GlobalSection(ProjectConfigurationPlatforms) = postSolution
		{C14A3DE4-68F5-4DC3-97DD-0A7C3A3F0B98}.Debug|Any CPU.ActiveCfg = Debug|Any CPU
		{C14A3DE4-68F5-4DC3-97DD-0A7C3A3F0B98}.Debug|Any CPU.Build.0 = Debug|Any CPU
		{C14A3DE4-68F5-4DC3-97DD-0A7C3A3F0B98}.Release|Any CPU.ActiveCfg = Release|Any CPU
		{C14A3DE4-68F5-4DC3-97DD-0A7C3A3F0B98}.Release|Any CPU.Build.0 = Release|Any CPU
		{CE59947B-83F1-4FD7-9591-AFAD73452E84}.Debug|Any CPU.ActiveCfg = Debug|Any CPU
		{CE59947B-83F1-4FD7-9591-AFAD73452E84}.Debug|Any CPU.Build.0 = Debug|Any CPU
		{CE59947B-83F1-4FD7-9591-AFAD73452E84}.Release|Any CPU.ActiveCfg = Release|Any CPU
		{CE59947B-83F1-4FD7-9591-AFAD73452E84}.Release|Any CPU.Build.0 = Release|Any CPU
	EndGlobalSection
	GlobalSection(SolutionProperties) = preSolution
		HideSolutionNode = FALSE
	EndGlobalSection
	GlobalSection(ExtensibilityGlobals) = postSolution
		SolutionGuid = {814A5CED-CF7D-4764-9674-E87E89164A54}
	EndGlobalSection
EndGlobal
